
Microsoft Visual Studio Solution File, Format Version 12.00
# Visual Studio 2013
VisualStudioVersion = 12.0.31101.0
MinimumVisualStudioVersion = 10.0.40219.1
Project("{FAE04EC0-301F-11D3-BF4B-00C04F79EFBC}") = "MemoryGame", "MemoryGame\MemoryGame.csproj", "{0DAE3B0F-F34C-4D7A-9773-26472185229D}"
EndProject
Project("{FAE04EC0-301F-11D3-BF4B-00C04F79EFBC}") = "MemoryGame.Test", "MemoryGame.Test\MemoryGame.Test.csproj", "{0632FE25-6C02-45E0-92F8-B2DB057A74CD}"
EndProject
Global
	GlobalSection(SolutionConfigurationPlatforms) = preSolution
		Debug|Any CPU = Debug|Any CPU
		Release|Any CPU = Release|Any CPU
	EndGlobalSection
	GlobalSection(ProjectConfigurationPlatforms) = postSolution
		{0DAE3B0F-F34C-4D7A-9773-26472185229D}.Debug|Any CPU.ActiveCfg = Debug|Any CPU
		{0DAE3B0F-F34C-4D7A-9773-26472185229D}.Debug|Any CPU.Build.0 = Debug|Any CPU
		{0DAE3B0F-F34C-4D7A-9773-26472185229D}.Release|Any CPU.ActiveCfg = Release|Any CPU
		{0DAE3B0F-F34C-4D7A-9773-26472185229D}.Release|Any CPU.Build.0 = Release|Any CPU
		{0632FE25-6C02-45E0-92F8-B2DB057A74CD}.Debug|Any CPU.ActiveCfg = Debug|Any CPU
		{0632FE25-6C02-45E0-92F8-B2DB057A74CD}.Debug|Any CPU.Build.0 = Debug|Any CPU
		{0632FE25-6C02-45E0-92F8-B2DB057A74CD}.Release|Any CPU.ActiveCfg = Release|Any CPU
		{0632FE25-6C02-45E0-92F8-B2DB057A74CD}.Release|Any CPU.Build.0 = Release|Any CPU
	EndGlobalSection
	GlobalSection(SolutionProperties) = preSolution
		HideSolutionNode = FALSE
	EndGlobalSection
EndGlobal
